// !$*UTF8*$!
{
	archiveVersion = 1;
	classes = {
	};
	objectVersion = 50;
	objects = {

/* Begin PBXBuildFile section */
		2B139A2D268F5B5A00CAA2A0 /* Question.swift in Sources */ = {isa = PBXBuildFile; fileRef = 2B139A2C268F5B5A00CAA2A0 /* Question.swift */; };
		466A7F942690E91100AB4802 /* Answer.swift in Sources */ = {isa = PBXBuildFile; fileRef = 466A7F932690E91100AB4802 /* Answer.swift */; };
		466A7F982691089000AB4802 /* QuesitionViewController.swift in Sources */ = {isa = PBXBuildFile; fileRef = 466A7F972691089000AB4802 /* QuesitionViewController.swift */; };
		46C0E61D2691572600CE0D47 /* AnswerTableViewCell.swift in Sources */ = {isa = PBXBuildFile; fileRef = 46C0E61C2691572600CE0D47 /* AnswerTableViewCell.swift */; };
		46F686A626916839001DCF6B /* ResultViewController.swift in Sources */ = {isa = PBXBuildFile; fileRef = 46F686A526916839001DCF6B /* ResultViewController.swift */; };
		EBEEEA00268B5F340050E0EA /* AppDelegate.swift in Sources */ = {isa = PBXBuildFile; fileRef = EBEEE9FF268B5F340050E0EA /* AppDelegate.swift */; };
		EBEEEA02268B5F340050E0EA /* SceneDelegate.swift in Sources */ = {isa = PBXBuildFile; fileRef = EBEEEA01268B5F340050E0EA /* SceneDelegate.swift */; };
		EBEEEA04268B5F340050E0EA /* ViewController.swift in Sources */ = {isa = PBXBuildFile; fileRef = EBEEEA03268B5F340050E0EA /* ViewController.swift */; };
		EBEEEA07268B5F340050E0EA /* Main.storyboard in Resources */ = {isa = PBXBuildFile; fileRef = EBEEEA05268B5F340050E0EA /* Main.storyboard */; };
		EBEEEA09268B5F350050E0EA /* Assets.xcassets in Resources */ = {isa = PBXBuildFile; fileRef = EBEEEA08268B5F350050E0EA /* Assets.xcassets */; };
		EBEEEA0C268B5F350050E0EA /* LaunchScreen.storyboard in Resources */ = {isa = PBXBuildFile; fileRef = EBEEEA0A268B5F350050E0EA /* LaunchScreen.storyboard */; };
/* End PBXBuildFile section */

/* Begin PBXFileReference section */
		2B139A2C268F5B5A00CAA2A0 /* Question.swift */ = {isa = PBXFileReference; lastKnownFileType = sourcecode.swift; path = Question.swift; sourceTree = "<group>"; };
		466A7F932690E91100AB4802 /* Answer.swift */ = {isa = PBXFileReference; lastKnownFileType = sourcecode.swift; path = Answer.swift; sourceTree = "<group>"; };
		466A7F972691089000AB4802 /* QuesitionViewController.swift */ = {isa = PBXFileReference; lastKnownFileType = sourcecode.swift; path = QuesitionViewController.swift; sourceTree = "<group>"; };
		46C0E61C2691572600CE0D47 /* AnswerTableViewCell.swift */ = {isa = PBXFileReference; lastKnownFileType = sourcecode.swift; path = AnswerTableViewCell.swift; sourceTree = "<group>"; };
		46F686A526916839001DCF6B /* ResultViewController.swift */ = {isa = PBXFileReference; lastKnownFileType = sourcecode.swift; path = ResultViewController.swift; sourceTree = "<group>"; };
		EBEEE9FC268B5F340050E0EA /* final_project_test.app */ = {isa = PBXFileReference; explicitFileType = wrapper.application; includeInIndex = 0; path = final_project_test.app; sourceTree = BUILT_PRODUCTS_DIR; };
		EBEEE9FF268B5F340050E0EA /* AppDelegate.swift */ = {isa = PBXFileReference; lastKnownFileType = sourcecode.swift; path = AppDelegate.swift; sourceTree = "<group>"; };
		EBEEEA01268B5F340050E0EA /* SceneDelegate.swift */ = {isa = PBXFileReference; lastKnownFileType = sourcecode.swift; path = SceneDelegate.swift; sourceTree = "<group>"; };
		EBEEEA03268B5F340050E0EA /* ViewController.swift */ = {isa = PBXFileReference; lastKnownFileType = sourcecode.swift; path = ViewController.swift; sourceTree = "<group>"; };
		EBEEEA06268B5F340050E0EA /* Base */ = {isa = PBXFileReference; lastKnownFileType = file.storyboard; name = Base; path = Base.lproj/Main.storyboard; sourceTree = "<group>"; };
		EBEEEA08268B5F350050E0EA /* Assets.xcassets */ = {isa = PBXFileReference; lastKnownFileType = folder.assetcatalog; path = Assets.xcassets; sourceTree = "<group>"; };
		EBEEEA0B268B5F350050E0EA /* Base */ = {isa = PBXFileReference; lastKnownFileType = file.storyboard; name = Base; path = Base.lproj/LaunchScreen.storyboard; sourceTree = "<group>"; };
		EBEEEA0D268B5F350050E0EA /* Info.plist */ = {isa = PBXFileReference; lastKnownFileType = text.plist.xml; path = Info.plist; sourceTree = "<group>"; };
/* End PBXFileReference section */

/* Begin PBXFrameworksBuildPhase section */
		EBEEE9F9268B5F340050E0EA /* Frameworks */ = {
			isa = PBXFrameworksBuildPhase;
			buildActionMask = 2147483647;
			files = (
			);
			runOnlyForDeploymentPostprocessing = 0;
		};
/* End PBXFrameworksBuildPhase section */

/* Begin PBXGroup section */
		466A7F922690E8E500AB4802 /* Model */ = {
			isa = PBXGroup;
			children = (
				2B139A2C268F5B5A00CAA2A0 /* Question.swift */,
				466A7F932690E91100AB4802 /* Answer.swift */,
			);
			path = Model;
			sourceTree = "<group>";
		};
		466A7F952690EF9400AB4802 /* Controller */ = {
			isa = PBXGroup;
			children = (
				EBEEEA03268B5F340050E0EA /* ViewController.swift */,
				466A7F972691089000AB4802 /* QuesitionViewController.swift */,
				46F686A526916839001DCF6B /* ResultViewController.swift */,
			);
			path = Controller;
			sourceTree = "<group>";
		};
		466A7F962690EF9F00AB4802 /* Storyboard */ = {
			isa = PBXGroup;
			children = (
				EBEEEA05268B5F340050E0EA /* Main.storyboard */,
			);
			path = Storyboard;
			sourceTree = "<group>";
		};
		46C0E61B2691570B00CE0D47 /* Cell */ = {
			isa = PBXGroup;
			children = (
				46C0E61C2691572600CE0D47 /* AnswerTableViewCell.swift */,
			);
			path = Cell;
			sourceTree = "<group>";
		};
		EBEEE9F3268B5F340050E0EA = {
			isa = PBXGroup;
			children = (
				EBEEE9FE268B5F340050E0EA /* final_project_test */,
				EBEEE9FD268B5F340050E0EA /* Products */,
			);
			sourceTree = "<group>";
		};
		EBEEE9FD268B5F340050E0EA /* Products */ = {
			isa = PBXGroup;
			children = (
				EBEEE9FC268B5F340050E0EA /* final_project_test.app */,
			);
			name = Products;
			sourceTree = "<group>";
		};
		EBEEE9FE268B5F340050E0EA /* final_project_test */ = {
			isa = PBXGroup;
			children = (
				46C0E61B2691570B00CE0D47 /* Cell */,
				466A7F962690EF9F00AB4802 /* Storyboard */,
				466A7F952690EF9400AB4802 /* Controller */,
				466A7F922690E8E500AB4802 /* Model */,
				EBEEE9FF268B5F340050E0EA /* AppDelegate.swift */,
				EBEEEA01268B5F340050E0EA /* SceneDelegate.swift */,
				EBEEEA08268B5F350050E0EA /* Assets.xcassets */,
				EBEEEA0A268B5F350050E0EA /* LaunchScreen.storyboard */,
				EBEEEA0D268B5F350050E0EA /* Info.plist */,
			);
			path = final_project_test;
			sourceTree = "<group>";
		};
/* End PBXGroup section */

/* Begin PBXNativeTarget section */
		EBEEE9FB268B5F340050E0EA /* final_project_test */ = {
			isa = PBXNativeTarget;
			buildConfigurationList = EBEEEA10268B5F350050E0EA /* Build configuration list for PBXNativeTarget "final_project_test" */;
			buildPhases = (
				EBEEE9F8268B5F340050E0EA /* Sources */,
				EBEEE9F9268B5F340050E0EA /* Frameworks */,
				EBEEE9FA268B5F340050E0EA /* Resources */,
			);
			buildRules = (
			);
			dependencies = (
			);
			name = final_project_test;
			productName = final_project_test;
			productReference = EBEEE9FC268B5F340050E0EA /* final_project_test.app */;
			productType = "com.apple.product-type.application";
		};
/* End PBXNativeTarget section */

/* Begin PBXProject section */
		EBEEE9F4268B5F340050E0EA /* Project object */ = {
			isa = PBXProject;
			attributes = {
				LastSwiftUpdateCheck = 1250;
				LastUpgradeCheck = 1250;
				TargetAttributes = {
					EBEEE9FB268B5F340050E0EA = {
						CreatedOnToolsVersion = 12.5.1;
					};
				};
			};
			buildConfigurationList = EBEEE9F7268B5F340050E0EA /* Build configuration list for PBXProject "final_project_test" */;
			compatibilityVersion = "Xcode 9.3";
			developmentRegion = en;
			hasScannedForEncodings = 0;
			knownRegions = (
				en,
				Base,
			);
			mainGroup = EBEEE9F3268B5F340050E0EA;
			productRefGroup = EBEEE9FD268B5F340050E0EA /* Products */;
			projectDirPath = "";
			projectRoot = "";
			targets = (
				EBEEE9FB268B5F340050E0EA /* final_project_test */,
			);
		};
/* End PBXProject section */

/* Begin PBXResourcesBuildPhase section */
		EBEEE9FA268B5F340050E0EA /* Resources */ = {
			isa = PBXResourcesBuildPhase;
			buildActionMask = 2147483647;
			files = (
				EBEEEA0C268B5F350050E0EA /* LaunchScreen.storyboard in Resources */,
				EBEEEA09268B5F350050E0EA /* Assets.xcassets in Resources */,
				EBEEEA07268B5F340050E0EA /* Main.storyboard in Resources */,
			);
			runOnlyForDeploymentPostprocessing = 0;
		};
/* End PBXResourcesBuildPhase section */

/* Begin PBXSourcesBuildPhase section */
		EBEEE9F8268B5F340050E0EA /* Sources */ = {
			isa = PBXSourcesBuildPhase;
			buildActionMask = 2147483647;
			files = (
				EBEEEA04268B5F340050E0EA /* ViewController.swift in Sources */,
				2B139A2D268F5B5A00CAA2A0 /* Question.swift in Sources */,
				46C0E61D2691572600CE0D47 /* AnswerTableViewCell.swift in Sources */,
				46F686A626916839001DCF6B /* ResultViewController.swift in Sources */,
				466A7F942690E91100AB4802 /* Answer.swift in Sources */,
				EBEEEA00268B5F340050E0EA /* AppDelegate.swift in Sources */,
				466A7F982691089000AB4802 /* QuesitionViewController.swift in Sources */,
				EBEEEA02268B5F340050E0EA /* SceneDelegate.swift in Sources */,
			);
			runOnlyForDeploymentPostprocessing = 0;
		};
/* End PBXSourcesBuildPhase section */

/* Begin PBXVariantGroup section */
		EBEEEA05268B5F340050E0EA /* Main.storyboard */ = {
			isa = PBXVariantGroup;
			children = (
				EBEEEA06268B5F340050E0EA /* Base */,
			);
			name = Main.storyboard;
			sourceTree = "<group>";
		};
		EBEEEA0A268B5F350050E0EA /* LaunchScreen.storyboard */ = {
			isa = PBXVariantGroup;
			children = (
				EBEEEA0B268B5F350050E0EA /* Base */,
			);
			name = LaunchScreen.storyboard;
			sourceTree = "<group>";
		};
/* End PBXVariantGroup section */

/* Begin XCBuildConfiguration section */
		EBEEEA0E268B5F350050E0EA /* Debug */ = {
			isa = XCBuildConfiguration;
			buildSettings = {
				ALWAYS_SEARCH_USER_PATHS = NO;
				CLANG_ANALYZER_NONNULL = YES;
				CLANG_ANALYZER_NUMBER_OBJECT_CONVERSION = YES_AGGRESSIVE;
				CLANG_CXX_LANGUAGE_STANDARD = "gnu++14";
				CLANG_CXX_LIBRARY = "libc++";
				CLANG_ENABLE_MODULES = YES;
				CLANG_ENABLE_OBJC_ARC = YES;
				CLANG_ENABLE_OBJC_WEAK = YES;
				CLANG_WARN_BLOCK_CAPTURE_AUTORELEASING = YES;
				CLANG_WARN_BOOL_CONVERSION = YES;
				CLANG_WARN_COMMA = YES;
				CLANG_WARN_CONSTANT_CONVERSION = YES;
				CLANG_WARN_DEPRECATED_OBJC_IMPLEMENTATIONS = YES;
				CLANG_WARN_DIRECT_OBJC_ISA_USAGE = YES_ERROR;
				CLANG_WARN_DOCUMENTATION_COMMENTS = YES;
				CLANG_WARN_EMPTY_BODY = YES;
				CLANG_WARN_ENUM_CONVERSION = YES;
				CLANG_WARN_INFINITE_RECURSION = YES;
				CLANG_WARN_INT_CONVERSION = YES;
				CLANG_WARN_NON_LITERAL_NULL_CONVERSION = YES;
				CLANG_WARN_OBJC_IMPLICIT_RETAIN_SELF = YES;
				CLANG_WARN_OBJC_LITERAL_CONVERSION = YES;
				CLANG_WARN_OBJC_ROOT_CLASS = YES_ERROR;
				CLANG_WARN_QUOTED_INCLUDE_IN_FRAMEWORK_HEADER = YES;
				CLANG_WARN_RANGE_LOOP_ANALYSIS = YES;
				CLANG_WARN_STRICT_PROTOTYPES = YES;
				CLANG_WARN_SUSPICIOUS_MOVE = YES;
				CLANG_WARN_UNGUARDED_AVAILABILITY = YES_AGGRESSIVE;
				CLANG_WARN_UNREACHABLE_CODE = YES;
				CLANG_WARN__DUPLICATE_METHOD_MATCH = YES;
				COPY_PHASE_STRIP = NO;
				DEBUG_INFORMATION_FORMAT = dwarf;
				ENABLE_STRICT_OBJC_MSGSEND = YES;
				ENABLE_TESTABILITY = YES;
				GCC_C_LANGUAGE_STANDARD = gnu11;
				GCC_DYNAMIC_NO_PIC = NO;
				GCC_NO_COMMON_BLOCKS = YES;
				GCC_OPTIMIZATION_LEVEL = 0;
				GCC_PREPROCESSOR_DEFINITIONS = (
					"DEBUG=1",
					"$(inherited)",
				);
				GCC_WARN_64_TO_32_BIT_CONVERSION = YES;
				GCC_WARN_ABOUT_RETURN_TYPE = YES_ERROR;
				GCC_WARN_UNDECLARED_SELECTOR = YES;
				GCC_WARN_UNINITIALIZED_AUTOS = YES_AGGRESSIVE;
				GCC_WARN_UNUSED_FUNCTION = YES;
				GCC_WARN_UNUSED_VARIABLE = YES;
				IPHONEOS_DEPLOYMENT_TARGET = 14.5;
				MTL_ENABLE_DEBUG_INFO = INCLUDE_SOURCE;
				MTL_FAST_MATH = YES;
				ONLY_ACTIVE_ARCH = YES;
				SDKROOT = iphoneos;
				SWIFT_ACTIVE_COMPILATION_CONDITIONS = DEBUG;
				SWIFT_OPTIMIZATION_LEVEL = "-Onone";
			};
			name = Debug;
		};
		EBEEEA0F268B5F350050E0EA /* Release */ = {
			isa = XCBuildConfiguration;
			buildSettings = {
				ALWAYS_SEARCH_USER_PATHS = NO;
				CLANG_ANALYZER_NONNULL = YES;
				CLANG_ANALYZER_NUMBER_OBJECT_CONVERSION = YES_AGGRESSIVE;
				CLANG_CXX_LANGUAGE_STANDARD = "gnu++14";
				CLANG_CXX_LIBRARY = "libc++";
				CLANG_ENABLE_MODULES = YES;
				CLANG_ENABLE_OBJC_ARC = YES;
				CLANG_ENABLE_OBJC_WEAK = YES;
				CLANG_WARN_BLOCK_CAPTURE_AUTORELEASING = YES;
				CLANG_WARN_BOOL_CONVERSION = YES;
				CLANG_WARN_COMMA = YES;
				CLANG_WARN_CONSTANT_CONVERSION = YES;
				CLANG_WARN_DEPRECATED_OBJC_IMPLEMENTATIONS = YES;
				CLANG_WARN_DIRECT_OBJC_ISA_USAGE = YES_ERROR;
				CLANG_WARN_DOCUMENTATION_COMMENTS = YES;
				CLANG_WARN_EMPTY_BODY = YES;
				CLANG_WARN_ENUM_CONVERSION = YES;
				CLANG_WARN_INFINITE_RECURSION = YES;
				CLANG_WARN_INT_CONVERSION = YES;
				CLANG_WARN_NON_LITERAL_NULL_CONVERSION = YES;
				CLANG_WARN_OBJC_IMPLICIT_RETAIN_SELF = YES;
				CLANG_WARN_OBJC_LITERAL_CONVERSION = YES;
				CLANG_WARN_OBJC_ROOT_CLASS = YES_ERROR;
				CLANG_WARN_QUOTED_INCLUDE_IN_FRAMEWORK_HEADER = YES;
				CLANG_WARN_RANGE_LOOP_ANALYSIS = YES;
				CLANG_WARN_STRICT_PROTOTYPES = YES;
				CLANG_WARN_SUSPICIOUS_MOVE = YES;
				CLANG_WARN_UNGUARDED_AVAILABILITY = YES_AGGRESSIVE;
				CLANG_WARN_UNREACHABLE_CODE = YES;
				CLANG_WARN__DUPLICATE_METHOD_MATCH = YES;
				COPY_PHASE_STRIP = NO;
				DEBUG_INFORMATION_FORMAT = "dwarf-with-dsym";
				ENABLE_NS_ASSERTIONS = NO;
				ENABLE_STRICT_OBJC_MSGSEND = YES;
				GCC_C_LANGUAGE_STANDARD = gnu11;
				GCC_NO_COMMON_BLOCKS = YES;
				GCC_WARN_64_TO_32_BIT_CONVERSION = YES;
				GCC_WARN_ABOUT_RETURN_TYPE = YES_ERROR;
				GCC_WARN_UNDECLARED_SELECTOR = YES;
				GCC_WARN_UNINITIALIZED_AUTOS = YES_AGGRESSIVE;
				GCC_WARN_UNUSED_FUNCTION = YES;
				GCC_WARN_UNUSED_VARIABLE = YES;
				IPHONEOS_DEPLOYMENT_TARGET = 14.5;
				MTL_ENABLE_DEBUG_INFO = NO;
				MTL_FAST_MATH = YES;
				SDKROOT = iphoneos;
				SWIFT_COMPILATION_MODE = wholemodule;
				SWIFT_OPTIMIZATION_LEVEL = "-O";
				VALIDATE_PRODUCT = YES;
			};
			name = Release;
		};
		EBEEEA11268B5F350050E0EA /* Debug */ = {
			isa = XCBuildConfiguration;
			buildSettings = {
				ASSETCATALOG_COMPILER_APPICON_NAME = AppIcon;
				ASSETCATALOG_COMPILER_GLOBAL_ACCENT_COLOR_NAME = AccentColor;
				CODE_SIGN_STYLE = Automatic;
				INFOPLIST_FILE = final_project_test/Info.plist;
				LD_RUNPATH_SEARCH_PATHS = (
					"$(inherited)",
					"@executable_path/Frameworks",
				);
				PRODUCT_BUNDLE_IDENTIFIER = "LambtonCollege.final-project-test";
				PRODUCT_NAME = "$(TARGET_NAME)";
				SWIFT_VERSION = 5.0;
				TARGETED_DEVICE_FAMILY = "1,2";
			};
			name = Debug;
		};
		EBEEEA12268B5F350050E0EA /* Release */ = {
			isa = XCBuildConfiguration;
			buildSettings = {
				ASSETCATALOG_COMPILER_APPICON_NAME = AppIcon;
				ASSETCATALOG_COMPILER_GLOBAL_ACCENT_COLOR_NAME = AccentColor;
				CODE_SIGN_STYLE = Automatic;
				INFOPLIST_FILE = final_project_test/Info.plist;
				LD_RUNPATH_SEARCH_PATHS = (
					"$(inherited)",
					"@executable_path/Frameworks",
				);
				PRODUCT_BUNDLE_IDENTIFIER = "LambtonCollege.final-project-test";
				PRODUCT_NAME = "$(TARGET_NAME)";
				SWIFT_VERSION = 5.0;
				TARGETED_DEVICE_FAMILY = "1,2";
			};
			name = Release;
		};
/* End XCBuildConfiguration section */

/* Begin XCConfigurationList section */
		EBEEE9F7268B5F340050E0EA /* Build configuration list for PBXProject "final_project_test" */ = {
			isa = XCConfigurationList;
			buildConfigurations = (
				EBEEEA0E268B5F350050E0EA /* Debug */,
				EBEEEA0F268B5F350050E0EA /* Release */,
			);
			defaultConfigurationIsVisible = 0;
			defaultConfigurationName = Release;
		};
		EBEEEA10268B5F350050E0EA /* Build configuration list for PBXNativeTarget "final_project_test" */ = {
			isa = XCConfigurationList;
			buildConfigurations = (
				EBEEEA11268B5F350050E0EA /* Debug */,
				EBEEEA12268B5F350050E0EA /* Release */,
			);
			defaultConfigurationIsVisible = 0;
			defaultConfigurationName = Release;
		};
/* End XCConfigurationList section */
	};
	rootObject = EBEEE9F4268B5F340050E0EA /* Project object */;
}
